PODS:
  - MacroAndCategoryModule (0.1.0)

DEPENDENCIES:
  - MacroAndCategoryModule (from `../`)

EXTERNAL SOURCES:
  MacroAndCategoryModule:
    :path: "../"

SPEC CHECKSUMS:
  MacroAndCategoryModule: 8b73ca98e9ef7bce54e7759e47b5a5ca5b9ca40f

PODFILE CHECKSUM: eeb1c13a3affc4563ce04bc5c5e7f25cdda0e4f0

COCOAPODS: 1.8.4
